
Microsoft Visual Studio Solution File, Format Version 12.00
# Visual Studio Version 17
VisualStudioVersion = 17.7.34031.279
MinimumVisualStudioVersion = 10.0.40219.1
Project("{FAE04EC0-301F-11D3-BF4B-00C04F79EFBC}") = "HapRoute", "HapRoute\HapRoute.csproj", "{8FCA8BB9-642A-43CF-A0C4-8D7DC3E55B7E}"
EndProject
Global
	GlobalSection(SolutionConfigurationPlatforms) = preSolution
		Debug|Any CPU = Debug|Any CPU
		Release|Any CPU = Release|Any CPU
	EndGlobalSection
	GlobalSection(ProjectConfigurationPlatforms) = postSolution
		{8FCA8BB9-642A-43CF-A0C4-8D7DC3E55B7E}.Debug|Any CPU.ActiveCfg = Debug|Any CPU
		{8FCA8BB9-642A-43CF-A0C4-8D7DC3E55B7E}.Debug|Any CPU.Build.0 = Debug|Any CPU
		{8FCA8BB9-642A-43CF-A0C4-8D7DC3E55B7E}.Release|Any CPU.ActiveCfg = Release|Any CPU
		{8FCA8BB9-642A-43CF-A0C4-8D7DC3E55B7E}.Release|Any CPU.Build.0 = Release|Any CPU
	EndGlobalSection
	GlobalSection(SolutionProperties) = preSolution
		HideSolutionNode = FALSE
	EndGlobalSection
	GlobalSection(ExtensibilityGlobals) = postSolution
		SolutionGuid = {32953C0B-1273-4F1A-ADFC-CCCDCE33A3F8}
	EndGlobalSection
EndGlobal
